{
  "nodes": {
    "agenix": {
      "inputs": {
        "darwin": [
          "darwin"
        ],
        "home-manager": [
          "home-manager"
        ],
        "nixpkgs": [
          "nixpkgs"
        ]
      },
      "locked": {
        "lastModified": 1695384796,
        "narHash": "sha256-TYlE4B0ktPtlJJF9IFxTWrEeq+XKG8Ny0gc2FGEAdj0=",
        "owner": "ryantm",
        "repo": "agenix",
        "rev": "1f677b3e161d3bdbfd08a939e8f25de2568e0ef4",
        "type": "github"
      },
      "original": {
        "owner": "ryantm",
        "repo": "agenix",
        "type": "github"
      }
    },
    "darwin": {
      "inputs": {
        "nixpkgs": [
          "nixpkgs"
        ]
      },
      "locked": {
        "lastModified": 1696043447,
        "narHash": "sha256-VbJ1dY5pVH2fX1bS+cT2+4+BYEk4lMHRP0+udu9G6tk=",
        "owner": "lnl7",
        "repo": "nix-darwin",
        "rev": "792c2e01347cb1b2e7ec84a1ef73453ca86537d8",
        "type": "github"
      },
      "original": {
        "owner": "lnl7",
        "repo": "nix-darwin",
        "type": "github"
      }
    },
    "disko": {
      "inputs": {
        "nixpkgs": [
          "nixpkgs"
        ]
      },
      "locked": {
        "lastModified": 1696266752,
        "narHash": "sha256-wJnMDFM21+xXdsXSs6pXMElbv4YfqmQslcPApRuaYKs=",
        "owner": "nix-community",
        "repo": "disko",
        "rev": "646ee25c25fffee122a66282861f5f56ad3e0fd9",
        "type": "github"
      },
      "original": {
        "owner": "nix-community",
        "repo": "disko",
        "type": "github"
      }
    },
    "flake-compat": {
      "flake": false,
      "locked": {
        "lastModified": 1696267196,
        "narHash": "sha256-AAQ/2sD+0D18bb8hKuEEVpHUYD1GmO2Uh/taFamn6XQ=",
        "owner": "edolstra",
        "repo": "flake-compat",
        "rev": "4f910c9827911b1ec2bf26b5a062cd09f8d89f85",
        "type": "github"
      },
      "original": {
        "owner": "edolstra",
        "repo": "flake-compat",
        "type": "github"
      }
    },
    "flake-utils": {
      "inputs": {
        "systems": "systems"
      },
      "locked": {
        "lastModified": 1694529238,
        "narHash": "sha256-zsNZZGTGnMOf9YpHKJqMSsa0dXbfmxeoJ7xHlrt+xmY=",
        "owner": "numtide",
        "repo": "flake-utils",
        "rev": "ff7b65b44d01cf9ba6a71320833626af21126384",
        "type": "github"
      },
      "original": {
        "owner": "numtide",
        "repo": "flake-utils",
        "type": "github"
      }
    },
    "home-manager": {
      "inputs": {
        "nixpkgs": [
          "nixpkgs"
        ]
      },
      "locked": {
        "lastModified": 1695108154,
        "narHash": "sha256-gSg7UTVtls2yO9lKtP0yb66XBHT1Fx5qZSZbGMpSn2c=",
        "owner": "nix-community",
        "repo": "home-manager",
        "rev": "07682fff75d41f18327a871088d20af2710d4744",
        "type": "github"
      },
      "original": {
        "owner": "nix-community",
        "ref": "release-23.05",
        "repo": "home-manager",
        "type": "github"
      }
    },
    "impermanence": {
      "locked": {
        "lastModified": 1694622745,
        "narHash": "sha256-z397+eDhKx9c2qNafL1xv75lC0Q4nOaFlhaU1TINqb8=",
        "owner": "nix-community",
        "repo": "impermanence",
        "rev": "e9643d08d0d193a2e074a19d4d90c67a874d932e",
        "type": "github"
      },
      "original": {
        "owner": "nix-community",
        "repo": "impermanence",
        "type": "github"
      }
    },
    "nixos-hardware": {
      "locked": {
        "lastModified": 1696161939,
        "narHash": "sha256-HI1DxS//s46/qv9dcW06TzXaBjxL2DVTQP8R1QsnHzM=",
        "owner": "NixOS",
        "repo": "nixos-hardware",
        "rev": "0ab3ee718e964fb42dc57ace6170f19cb0b66532",
        "type": "github"
      },
      "original": {
        "owner": "NixOS",
        "ref": "master",
        "repo": "nixos-hardware",
        "type": "github"
      }
    },
    "nixpkgs": {
      "locked": {
        "lastModified": 1696039360,
        "narHash": "sha256-g7nIUV4uq1TOVeVIDEZLb005suTWCUjSY0zYOlSBsyE=",
        "owner": "NixOS",
        "repo": "nixpkgs",
        "rev": "32dcb45f66c0487e92db8303a798ebc548cadedc",
        "type": "github"
      },
      "original": {
        "owner": "NixOS",
        "ref": "nixos-23.05",
        "repo": "nixpkgs",
        "type": "github"
      }
    },
    "nixpkgs-darwin": {
      "locked": {
        "lastModified": 1696275639,
        "narHash": "sha256-3zShVFShYM2/n4p3Y2hzTzIE0zjR6/G1sDXo4awMR/w=",
        "owner": "NixOS",
        "repo": "nixpkgs",
        "rev": "cb1f8c37d44052b9fd2b6bd208ec4dbbe068cced",
        "type": "github"
      },
      "original": {
        "owner": "NixOS",
        "ref": "nixpkgs-23.05-darwin",
        "repo": "nixpkgs",
        "type": "github"
      }
    },
    "root": {
      "inputs": {
        "agenix": "agenix",
        "darwin": "darwin",
        "disko": "disko",
        "flake-compat": "flake-compat",
        "flake-utils": "flake-utils",
        "home-manager": "home-manager",
        "impermanence": "impermanence",
        "nixos-hardware": "nixos-hardware",
        "nixpkgs": "nixpkgs",
        "nixpkgs-darwin": "nixpkgs-darwin",
        "vscode-server": "vscode-server"
      }
    },
    "systems": {
      "locked": {
        "lastModified": 1681028828,
        "narHash": "sha256-Vy1rq5AaRuLzOxct8nz4T6wlgyUR7zLU309k9mBC768=",
        "owner": "nix-systems",
        "repo": "default",
        "rev": "da67096a3b9bf56a91d16901293e51ba5b49a27e",
        "type": "github"
      },
      "original": {
        "owner": "nix-systems",
        "repo": "default",
        "type": "github"
      }
    },
    "vscode-server": {
      "inputs": {
        "flake-utils": [
          "flake-utils"
        ],
        "nixpkgs": [
          "nixpkgs"
        ]
      },
      "locked": {
        "lastModified": 1684517665,
        "narHash": "sha256-SaAr66uCQ8CF75jIr23FZjk1+9Kfwm5sQnwV25206Gs=",
        "owner": "nix-community",
        "repo": "nixos-vscode-server",
        "rev": "1e1358493df6529d4c7bc4cc3066f76fd16d4ae6",
        "type": "github"
      },
      "original": {
        "owner": "nix-community",
        "repo": "nixos-vscode-server",
        "type": "github"
      }
    }
  },
  "root": "root",
  "version": 7
}
